{
  "name": "birds",
  "version": "1.0.0",
  "lockfileVersion": 2,
  "requires": true,
  "packages": {
    "": {
      "name": "birds",
      "version": "1.0.0",
      "license": "ISC",
      "dependencies": {
        "svelte": "^3.55.1",
        "sveltestrap": "^5.10.0"
      },
      "devDependencies": {
        "simple-svelte-autocomplete": "^2.5.2"
      }
    },
    "node_modules/@popperjs/core": {
      "version": "2.11.6",
      "resolved": "https://registry.npmjs.org/@popperjs/core/-/core-2.11.6.tgz",
      "integrity": "sha512-50/17A98tWUfQ176raKiOGXuYpLyyVMkxxG6oylzL3BPOlA6ADGdK7EYunSa4I064xerltq9TGXs8HmOk5E+vw==",
      "funding": {
        "type": "opencollective",
        "url": "https://opencollective.com/popperjs"
      }
    },
    "node_modules/simple-svelte-autocomplete": {
      "version": "2.5.2",
      "resolved": "https://registry.npmjs.org/simple-svelte-autocomplete/-/simple-svelte-autocomplete-2.5.2.tgz",
      "integrity": "sha512-6+kZP3XQGb7zs0djTWoFv8tQorBZdv64YfCKrlsYIYBCFsEeikSiNsBSSYw1Om+LYmFeMEOAYSSKoEw+qpnBXQ==",
      "dev": true
    },
    "node_modules/svelte": {
      "version": "3.55.1",
      "resolved": "https://registry.npmjs.org/svelte/-/svelte-3.55.1.tgz",
      "integrity": "sha512-S+87/P0Ve67HxKkEV23iCdAh/SX1xiSfjF1HOglno/YTbSTW7RniICMCofWGdJJbdjw3S+0PfFb1JtGfTXE0oQ==",
      "engines": {
        "node": ">= 8"
      }
    },
    "node_modules/sveltestrap": {
      "version": "5.10.0",
      "resolved": "https://registry.npmjs.org/sveltestrap/-/sveltestrap-5.10.0.tgz",
      "integrity": "sha512-k6Ob+6G2AMYvBidXHBKM9W28fJqFHbmosqCe/NC8pv6TV7K+v47Yw+zmnLWkjqCzzmjkSLkL48SrHZrlWc9mYQ==",
      "dependencies": {
        "@popperjs/core": "^2.9.2"
      },
      "peerDependencies": {
        "svelte": "^3.29.0"
      }
    }
  },
  "dependencies": {
    "@popperjs/core": {
      "version": "2.11.6",
      "resolved": "https://registry.npmjs.org/@popperjs/core/-/core-2.11.6.tgz",
      "integrity": "sha512-50/17A98tWUfQ176raKiOGXuYpLyyVMkxxG6oylzL3BPOlA6ADGdK7EYunSa4I064xerltq9TGXs8HmOk5E+vw=="
    },
    "simple-svelte-autocomplete": {
      "version": "2.5.2",
      "resolved": "https://registry.npmjs.org/simple-svelte-autocomplete/-/simple-svelte-autocomplete-2.5.2.tgz",
      "integrity": "sha512-6+kZP3XQGb7zs0djTWoFv8tQorBZdv64YfCKrlsYIYBCFsEeikSiNsBSSYw1Om+LYmFeMEOAYSSKoEw+qpnBXQ==",
      "dev": true
    },
    "svelte": {
      "version": "3.55.1",
      "resolved": "https://registry.npmjs.org/svelte/-/svelte-3.55.1.tgz",
      "integrity": "sha512-S+87/P0Ve67HxKkEV23iCdAh/SX1xiSfjF1HOglno/YTbSTW7RniICMCofWGdJJbdjw3S+0PfFb1JtGfTXE0oQ=="
    },
    "sveltestrap": {
      "version": "5.10.0",
      "resolved": "https://registry.npmjs.org/sveltestrap/-/sveltestrap-5.10.0.tgz",
      "integrity": "sha512-k6Ob+6G2AMYvBidXHBKM9W28fJqFHbmosqCe/NC8pv6TV7K+v47Yw+zmnLWkjqCzzmjkSLkL48SrHZrlWc9mYQ==",
      "requires": {
        "@popperjs/core": "^2.9.2"
      }
    }
  }
}
